
Microsoft Visual Studio Solution File, Format Version 12.00
# Visual Studio Version 16
VisualStudioVersion = 16.0.31515.178
MinimumVisualStudioVersion = 10.0.40219.1
Project("{FAE04EC0-301F-11D3-BF4B-00C04F79EFBC}") = "JokesWebApp", "JokesWebApp\JokesWebApp.csproj", "{25389501-22FF-454A-98C7-326340CB726E}"
EndProject
Global
	GlobalSection(SolutionConfigurationPlatforms) = preSolution
		Debug|Any CPU = Debug|Any CPU
		Release|Any CPU = Release|Any CPU
	EndGlobalSection
	GlobalSection(ProjectConfigurationPlatforms) = postSolution
		{25389501-22FF-454A-98C7-326340CB726E}.Debug|Any CPU.ActiveCfg = Debug|Any CPU
		{25389501-22FF-454A-98C7-326340CB726E}.Debug|Any CPU.Build.0 = Debug|Any CPU
		{25389501-22FF-454A-98C7-326340CB726E}.Release|Any CPU.ActiveCfg = Release|Any CPU
		{25389501-22FF-454A-98C7-326340CB726E}.Release|Any CPU.Build.0 = Release|Any CPU
	EndGlobalSection
	GlobalSection(SolutionProperties) = preSolution
		HideSolutionNode = FALSE
	EndGlobalSection
	GlobalSection(ExtensibilityGlobals) = postSolution
		SolutionGuid = {75C88F87-DE69-44D0-AFA9-34212A519E18}
	EndGlobalSection
EndGlobal
